[[package]]
name = "asgiref"
version = "3.5.2"
description = "ASGI specs, helper code, and adapters"
category = "main"
optional = false
python-versions = ">=3.7"

[package.extras]
tests = ["pytest", "pytest-asyncio", "mypy (>=0.800)"]

[[package]]
name = "bcoding"
version = "1.5"
description = "bencoding & -decoding library"
category = "main"
optional = false
python-versions = "*"

[[package]]
name = "coverage"
version = "6.4.4"
description = "Code coverage measurement for Python"
category = "dev"
optional = false
python-versions = ">=3.7"

[package.extras]
toml = ["tomli"]

[[package]]
name = "django"
version = "4.0.7"
description = "A high-level Python web framework that encourages rapid development and clean, pragmatic design."
category = "main"
optional = false
python-versions = ">=3.8"

[package.dependencies]
asgiref = ">=3.4.1,<4"
sqlparse = ">=0.2.2"
tzdata = {version = "*", markers = "sys_platform == \"win32\""}

[package.extras]
argon2 = ["argon2-cffi (>=19.1.0)"]
bcrypt = ["bcrypt"]

[[package]]
name = "django-countries"
version = "7.3.2"
description = "Provides a country field for Django models."
category = "main"
optional = false
python-versions = "*"

[package.dependencies]
typing-extensions = "*"

[package.extras]
test = ["graphene-django", "djangorestframework", "pytest-cov", "pytest-django", "pytest"]
pyuca = ["pyuca"]
maintainer = ["django", "zest.releaser", "transifex-client"]
dev = ["graphene-django", "djangorestframework", "pytest-django", "pytest", "django", "black", "tox"]

[[package]]
name = "django-debug-toolbar"
version = "3.6.0"
description = "A configurable set of panels that display various debug information about the current request/response."
category = "main"
optional = false
python-versions = ">=3.7"

[package.dependencies]
Django = ">=3.2.4"
sqlparse = ">=0.2.0"

[[package]]
name = "django-glrm"
version = "1.1.3"
description = "A Django middleware that make all views and URLs login required."
category = "main"
optional = false
python-versions = "*"

[[package]]
name = "django-js-asset"
version = "2.0.0"
description = "script tag with additional attributes for django.forms.Media"
category = "main"
optional = false
python-versions = ">=3.6"

[package.dependencies]
Django = ">=2.2"

[package.extras]
tests = ["coverage"]

[[package]]
name = "django-markupfield"
version = "2.0.1"
description = "Custom Django field for easy use of markup in text fields"
category = "main"
optional = false
python-versions = "*"

[[package]]
name = "django-mptt"
version = "0.13.4"
description = "Utilities for implementing Modified Preorder Tree Traversal with your Django Models and working with trees of Model instances."
category = "main"
optional = false
python-versions = ">=3.6"

[package.dependencies]
django-js-asset = "*"

[package.extras]
tests = ["coverage", "mock-django"]

[[package]]
name = "django-picklefield"
version = "3.1"
description = "Pickled object field for Django"
category = "main"
optional = false
python-versions = ">=3"

[package.dependencies]
Django = ">=3.2"

[package.extras]
tests = ["tox"]

[[package]]
name = "django-stubs"
version = "1.12.0"
description = "Mypy stubs for Django"
category = "main"
optional = false
python-versions = ">=3.7"

[package.dependencies]
django = "*"
django-stubs-ext = ">=0.4.0"
mypy = ">=0.930"
tomli = "*"
types-pytz = "*"
types-PyYAML = "*"
typing-extensions = "*"

[package.extras]
compatible-mypy = ["mypy (>=0.930,<0.970)"]

[[package]]
name = "django-stubs-ext"
version = "0.5.0"
description = "Monkey-patching and extensions for django-stubs"
category = "main"
optional = false
python-versions = ">=3.6"

[package.dependencies]
django = "*"
typing-extensions = "*"

[[package]]
name = "djangorestframework"
version = "3.13.1"
description = "Web APIs for Django, made easy."
category = "main"
optional = false
python-versions = ">=3.6"

[package.dependencies]
django = ">=2.2"
pytz = "*"

[[package]]
name = "flake8"
version = "5.0.4"
description = "the modular source code checker: pep8 pyflakes and co"
category = "dev"
optional = false
python-versions = ">=3.6.1"

[package.dependencies]
mccabe = ">=0.7.0,<0.8.0"
pycodestyle = ">=2.9.0,<2.10.0"
pyflakes = ">=2.5.0,<2.6.0"

[[package]]
name = "isort"
version = "5.10.1"
description = "A Python utility / library to sort Python imports."
category = "dev"
optional = false
python-versions = ">=3.6.1,<4.0"

[package.extras]
plugins = ["setuptools"]
colors = ["colorama (>=0.4.3,<0.5.0)"]
requirements_deprecated_finder = ["pip-api", "pipreqs"]
pipfile_deprecated_finder = ["requirementslib", "pipreqs"]

[[package]]
name = "markdown"
version = "3.4.1"
description = "Python implementation of Markdown."
category = "main"
optional = false
python-versions = ">=3.7"

[package.extras]
testing = ["coverage", "pyyaml"]

[[package]]
name = "mccabe"
version = "0.7.0"
description = "McCabe checker, plugin for flake8"
category = "dev"
optional = false
python-versions = ">=3.6"

[[package]]
name = "mypy"
version = "0.971"
description = "Optional static typing for Python"
category = "main"
optional = false
python-versions = ">=3.6"

[package.dependencies]
mypy-extensions = ">=0.4.3"
typing-extensions = ">=3.10"

[package.extras]
dmypy = ["psutil (>=4.0)"]
python2 = ["typed-ast (>=1.4.0,<2)"]
reports = ["lxml"]

[[package]]
name = "mypy-extensions"
version = "0.4.3"
description = "Experimental type system extensions for programs checked with the mypy typechecker."
category = "main"
optional = false
python-versions = "*"

[[package]]
name = "pycodestyle"
version = "2.9.1"
description = "Python style guide checker"
category = "dev"
optional = false
python-versions = ">=3.6"

[[package]]
name = "pyflakes"
version = "2.5.0"
description = "passive checker of Python programs"
category = "dev"
optional = false
python-versions = ">=3.6"

[[package]]
name = "pytz"
version = "2022.2.1"
description = "World timezone definitions, modern and historical"
category = "main"
optional = false
python-versions = "*"

[[package]]
name = "sqlparse"
version = "0.4.2"
description = "A non-validating SQL parser."
category = "main"
optional = false
python-versions = ">=3.5"

[[package]]
name = "tomli"
version = "2.0.1"
description = "A lil' TOML parser"
category = "main"
optional = false
python-versions = ">=3.7"

[[package]]
name = "types-pytz"
version = "2022.2.1.0"
description = "Typing stubs for pytz"
category = "main"
optional = false
python-versions = "*"

[[package]]
name = "types-pyyaml"
version = "6.0.11"
description = "Typing stubs for PyYAML"
category = "main"
optional = false
python-versions = "*"

[[package]]
name = "typing-extensions"
version = "4.3.0"
description = "Backported and Experimental Type Hints for Python 3.7+"
category = "main"
optional = false
python-versions = ">=3.7"

[[package]]
name = "tzdata"
version = "2022.2"
description = "Provider of IANA time zone data"
category = "main"
optional = false
python-versions = ">=2"

[metadata]
lock-version = "1.1"
python-versions = "^3.11"
content-hash = "45700174dd6eb1a25267f17bc751ea748a34251c36280f0ec5e3a00c738d4778"

[metadata.files]
asgiref = [
    {file = "asgiref-3.5.2-py3-none-any.whl", hash = "sha256:1d2880b792ae8757289136f1db2b7b99100ce959b2aa57fd69dab783d05afac4"},
    {file = "asgiref-3.5.2.tar.gz", hash = "sha256:4a29362a6acebe09bf1d6640db38c1dc3d9217c68e6f9f6204d72667fc19a424"},
]
bcoding = [
    {file = "bcoding-1.5-py2.py3-none-any.whl", hash = "sha256:b3545ec526b1cf036a689dfb7cc1d2926f99145017a39b6a2905ff52dc0ec10b"},
    {file = "bcoding-1.5.tar.gz", hash = "sha256:4bb8a10b51a36f0840ea341ae0958c3e1a83ec4c4cb2b059e896b56ffe84e270"},
]
coverage = [
    {file = "coverage-6.4.4-cp310-cp310-macosx_10_9_x86_64.whl", hash = "sha256:e7b4da9bafad21ea45a714d3ea6f3e1679099e420c8741c74905b92ee9bfa7cc"},
    {file = "coverage-6.4.4-cp310-cp310-macosx_11_0_arm64.whl", hash = "sha256:fde17bc42e0716c94bf19d92e4c9f5a00c5feb401f5bc01101fdf2a8b7cacf60"},
    {file = "coverage-6.4.4-cp310-cp310-manylinux_2_17_aarch64.manylinux2014_aarch64.whl", hash = "sha256:cdbb0d89923c80dbd435b9cf8bba0ff55585a3cdb28cbec65f376c041472c60d"},
    {file = "coverage-6.4.4-cp310-cp310-manylinux_2_5_i686.manylinux1_i686.manylinux_2_17_i686.manylinux2014_i686.whl", hash = "sha256:67f9346aeebea54e845d29b487eb38ec95f2ecf3558a3cffb26ee3f0dcc3e760"},
    {file = "coverage-6.4.4-cp310-cp310-manylinux_2_5_x86_64.manylinux1_x86_64.manylinux_2_17_x86_64.manylinux2014_x86_64.whl", hash = "sha256:42c499c14efd858b98c4e03595bf914089b98400d30789511577aa44607a1b74"},
    {file = "coverage-6.4.4-cp310-cp310-musllinux_1_1_aarch64.whl", hash = "sha256:c35cca192ba700979d20ac43024a82b9b32a60da2f983bec6c0f5b84aead635c"},
    {file = "coverage-6.4.4-cp310-cp310-musllinux_1_1_i686.whl", hash = "sha256:9cc4f107009bca5a81caef2fca843dbec4215c05e917a59dec0c8db5cff1d2aa"},
    {file = "coverage-6.4.4-cp310-cp310-musllinux_1_1_x86_64.whl", hash = "sha256:5f444627b3664b80d078c05fe6a850dd711beeb90d26731f11d492dcbadb6973"},
    {file = "coverage-6.4.4-cp310-cp310-win32.whl", hash = "sha256:66e6df3ac4659a435677d8cd40e8eb1ac7219345d27c41145991ee9bf4b806a0"},
    {file = "coverage-6.4.4-cp310-cp310-win_amd64.whl", hash = "sha256:35ef1f8d8a7a275aa7410d2f2c60fa6443f4a64fae9be671ec0696a68525b875"},
    {file = "coverage-6.4.4-cp311-cp311-macosx_10_9_x86_64.whl", hash = "sha256:c1328d0c2f194ffda30a45f11058c02410e679456276bfa0bbe0b0ee87225fac"},
    {file = "coverage-6.4.4-cp311-cp311-manylinux_2_17_aarch64.manylinux2014_aarch64.whl", hash = "sha256:61b993f3998ee384935ee423c3d40894e93277f12482f6e777642a0141f55782"},
    {file = "coverage-6.4.4-cp311-cp311-manylinux_2_5_i686.manylinux1_i686.manylinux_2_17_i686.manylinux2014_i686.whl", hash = "sha256:d5dd4b8e9cd0deb60e6fcc7b0647cbc1da6c33b9e786f9c79721fd303994832f"},
    {file = "coverage-6.4.4-cp311-cp311-manylinux_2_5_x86_64.manylinux1_x86_64.manylinux_2_17_x86_64.manylinux2014_x86_64.whl", hash = "sha256:7026f5afe0d1a933685d8f2169d7c2d2e624f6255fb584ca99ccca8c0e966fd7"},
    {file = "coverage-6.4.4-cp311-cp311-musllinux_1_1_aarch64.whl", hash = "sha256:9c7b9b498eb0c0d48b4c2abc0e10c2d78912203f972e0e63e3c9dc21f15abdaa"},
    {file = "coverage-6.4.4-cp311-cp311-musllinux_1_1_i686.whl", hash = "sha256:ee2b2fb6eb4ace35805f434e0f6409444e1466a47f620d1d5763a22600f0f892"},
    {file = "coverage-6.4.4-cp311-cp311-musllinux_1_1_x86_64.whl", hash = "sha256:ab066f5ab67059d1f1000b5e1aa8bbd75b6ed1fc0014559aea41a9eb66fc2ce0"},
    {file = "coverage-6.4.4-cp311-cp311-win32.whl", hash = "sha256:9d6e1f3185cbfd3d91ac77ea065d85d5215d3dfa45b191d14ddfcd952fa53796"},
    {file = "coverage-6.4.4-cp311-cp311-win_amd64.whl", hash = "sha256:e3d3c4cc38b2882f9a15bafd30aec079582b819bec1b8afdbde8f7797008108a"},
    {file = "coverage-6.4.4-cp37-cp37m-macosx_10_9_x86_64.whl", hash = "sha256:a095aa0a996ea08b10580908e88fbaf81ecf798e923bbe64fb98d1807db3d68a"},
    {file = "coverage-6.4.4-cp37-cp37m-manylinux_2_17_aarch64.manylinux2014_aarch64.whl", hash = "sha256:ef6f44409ab02e202b31a05dd6666797f9de2aa2b4b3534e9d450e42dea5e817"},
    {file = "coverage-6.4.4-cp37-cp37m-manylinux_2_5_i686.manylinux1_i686.manylinux_2_17_i686.manylinux2014_i686.whl", hash = "sha256:4b7101938584d67e6f45f0015b60e24a95bf8dea19836b1709a80342e01b472f"},
    {file = "coverage-6.4.4-cp37-cp37m-manylinux_2_5_x86_64.manylinux1_x86_64.manylinux_2_17_x86_64.manylinux2014_x86_64.whl", hash = "sha256:14a32ec68d721c3d714d9b105c7acf8e0f8a4f4734c811eda75ff3718570b5e3"},
    {file = "coverage-6.4.4-cp37-cp37m-musllinux_1_1_aarch64.whl", hash = "sha256:6a864733b22d3081749450466ac80698fe39c91cb6849b2ef8752fd7482011f3"},
    {file = "coverage-6.4.4-cp37-cp37m-musllinux_1_1_i686.whl", hash = "sha256:08002f9251f51afdcc5e3adf5d5d66bb490ae893d9e21359b085f0e03390a820"},
    {file = "coverage-6.4.4-cp37-cp37m-musllinux_1_1_x86_64.whl", hash = "sha256:a3b2752de32c455f2521a51bd3ffb53c5b3ae92736afde67ce83477f5c1dd928"},
    {file = "coverage-6.4.4-cp37-cp37m-win32.whl", hash = "sha256:f855b39e4f75abd0dfbcf74a82e84ae3fc260d523fcb3532786bcbbcb158322c"},
    {file = "coverage-6.4.4-cp37-cp37m-win_amd64.whl", hash = "sha256:ee6ae6bbcac0786807295e9687169fba80cb0617852b2fa118a99667e8e6815d"},
    {file = "coverage-6.4.4-cp38-cp38-macosx_10_9_x86_64.whl", hash = "sha256:564cd0f5b5470094df06fab676c6d77547abfdcb09b6c29c8a97c41ad03b103c"},
    {file = "coverage-6.4.4-cp38-cp38-macosx_11_0_arm64.whl", hash = "sha256:cbbb0e4cd8ddcd5ef47641cfac97d8473ab6b132dd9a46bacb18872828031685"},
    {file = "coverage-6.4.4-cp38-cp38-manylinux_2_17_aarch64.manylinux2014_aarch64.whl", hash = "sha256:6113e4df2fa73b80f77663445be6d567913fb3b82a86ceb64e44ae0e4b695de1"},
    {file = "coverage-6.4.4-cp38-cp38-manylinux_2_5_i686.manylinux1_i686.manylinux_2_17_i686.manylinux2014_i686.whl", hash = "sha256:8d032bfc562a52318ae05047a6eb801ff31ccee172dc0d2504614e911d8fa83e"},
    {file = "coverage-6.4.4-cp38-cp38-manylinux_2_5_x86_64.manylinux1_x86_64.manylinux_2_17_x86_64.manylinux2014_x86_64.whl", hash = "sha256:e431e305a1f3126477abe9a184624a85308da8edf8486a863601d58419d26ffa"},
    {file = "coverage-6.4.4-cp38-cp38-musllinux_1_1_aarch64.whl", hash = "sha256:cf2afe83a53f77aec067033199797832617890e15bed42f4a1a93ea24794ae3e"},
    {file = "coverage-6.4.4-cp38-cp38-musllinux_1_1_i686.whl", hash = "sha256:783bc7c4ee524039ca13b6d9b4186a67f8e63d91342c713e88c1865a38d0892a"},
    {file = "coverage-6.4.4-cp38-cp38-musllinux_1_1_x86_64.whl", hash = "sha256:ff934ced84054b9018665ca3967fc48e1ac99e811f6cc99ea65978e1d384454b"},
    {file = "coverage-6.4.4-cp38-cp38-win32.whl", hash = "sha256:e1fabd473566fce2cf18ea41171d92814e4ef1495e04471786cbc943b89a3781"},
    {file = "coverage-6.4.4-cp38-cp38-win_amd64.whl", hash = "sha256:4179502f210ebed3ccfe2f78bf8e2d59e50b297b598b100d6c6e3341053066a2"},
    {file = "coverage-6.4.4-cp39-cp39-macosx_10_9_x86_64.whl", hash = "sha256:98c0b9e9b572893cdb0a00e66cf961a238f8d870d4e1dc8e679eb8bdc2eb1b86"},
    {file = "coverage-6.4.4-cp39-cp39-macosx_11_0_arm64.whl", hash = "sha256:fc600f6ec19b273da1d85817eda339fb46ce9eef3e89f220055d8696e0a06908"},
    {file = "coverage-6.4.4-cp39-cp39-manylinux_2_17_aarch64.manylinux2014_aarch64.whl", hash = "sha256:7a98d6bf6d4ca5c07a600c7b4e0c5350cd483c85c736c522b786be90ea5bac4f"},
    {file = "coverage-6.4.4-cp39-cp39-manylinux_2_5_i686.manylinux1_i686.manylinux_2_17_i686.manylinux2014_i686.whl", hash = "sha256:01778769097dbd705a24e221f42be885c544bb91251747a8a3efdec6eb4788f2"},
    {file = "coverage-6.4.4-cp39-cp39-manylinux_2_5_x86_64.manylinux1_x86_64.manylinux_2_17_x86_64.manylinux2014_x86_64.whl", hash = "sha256:dfa0b97eb904255e2ab24166071b27408f1f69c8fbda58e9c0972804851e0558"},
    {file = "coverage-6.4.4-cp39-cp39-musllinux_1_1_aarch64.whl", hash = "sha256:fcbe3d9a53e013f8ab88734d7e517eb2cd06b7e689bedf22c0eb68db5e4a0a19"},
    {file = "coverage-6.4.4-cp39-cp39-musllinux_1_1_i686.whl", hash = "sha256:15e38d853ee224e92ccc9a851457fb1e1f12d7a5df5ae44544ce7863691c7a0d"},
    {file = "coverage-6.4.4-cp39-cp39-musllinux_1_1_x86_64.whl", hash = "sha256:6913dddee2deff8ab2512639c5168c3e80b3ebb0f818fed22048ee46f735351a"},
    {file = "coverage-6.4.4-cp39-cp39-win32.whl", hash = "sha256:354df19fefd03b9a13132fa6643527ef7905712109d9c1c1903f2133d3a4e145"},
    {file = "coverage-6.4.4-cp39-cp39-win_amd64.whl", hash = "sha256:1238b08f3576201ebf41f7c20bf59baa0d05da941b123c6656e42cdb668e9827"},
    {file = "coverage-6.4.4-pp36.pp37.pp38-none-any.whl", hash = "sha256:f67cf9f406cf0d2f08a3515ce2db5b82625a7257f88aad87904674def6ddaec1"},
    {file = "coverage-6.4.4.tar.gz", hash = "sha256:e16c45b726acb780e1e6f88b286d3c10b3914ab03438f32117c4aa52d7f30d58"},
]
django = [
    {file = "Django-4.0.7-py3-none-any.whl", hash = "sha256:41bd65a9e5f8a89cdbfa7a7bba45cd7431ae89e750af82dea8a35fd1a7ecbe66"},
    {file = "Django-4.0.7.tar.gz", hash = "sha256:9c6d5ad36be798e562ddcaa6b17b1c3ff2d3c4f529a47432b69fb9a30f847461"},
]
django-countries = [
    {file = "django-countries-7.3.2.tar.gz", hash = "sha256:0df6d34193667c2343da8935cbfb8a2bd4fb0c97baf01ac10db4628ba1557a82"},
    {file = "django_countries-7.3.2-py3-none-any.whl", hash = "sha256:27fc8a0f66a87c9d839493f3926b4e0f4dd873ef66465aa8cd3e953f99758cc9"},
]
django-debug-toolbar = [
    {file = "django-debug-toolbar-3.6.0.tar.gz", hash = "sha256:95fc2fd29c56cc86678aae9f6919ececefe892f2a78c4004b193a223a8380c3d"},
    {file = "django_debug_toolbar-3.6.0-py3-none-any.whl", hash = "sha256:fe7fe3f21865218827e2162ecc06eba386dfe8cffe4f3501c49bb4359e06a0e6"},
]
django-glrm = [
    {file = "django-glrm-1.1.3.tar.gz", hash = "sha256:e35831a74d0248a8eb4d5f9d5821d556c28c68cd6de9afc0527ea073c58a8bc5"},
]
django-js-asset = [
    {file = "django_js_asset-2.0.0-py3-none-any.whl", hash = "sha256:86f9f300d682537ddaf0487dc2ab356581b8f50c069bdba91d334a46e449f923"},
    {file = "django_js_asset-2.0.0.tar.gz", hash = "sha256:adc1ee1efa853fad42054b540c02205344bb406c9bddf87c9e5377a41b7db90f"},
]
django-markupfield = [
    {file = "django-markupfield-2.0.1.tar.gz", hash = "sha256:1bcc15972066914ee46ae3fddf859f653903a3af7c91d468572e3a1fe0c74fda"},
    {file = "django_markupfield-2.0.1-py2.py3-none-any.whl", hash = "sha256:03fa9c4a919e07969bfbb6143b2889541201b6fd0fa10980367772ed542d438e"},
]
django-mptt = [
    {file = "django-mptt-0.13.4.tar.gz", hash = "sha256:80c9fb34df7796a4e5af0cb6b8ade3697555b1aa438bd07a01f32b3ab5202b63"},
    {file = "django_mptt-0.13.4-py3-none-any.whl", hash = "sha256:75745b621ae31d97957ed924155a750dfa8cacd9543799ada2d713fd6bc3f5c7"},
]
django-picklefield = [
    {file = "django-picklefield-3.1.tar.gz", hash = "sha256:c786cbeda78d6def2b43bff4840d19787809c8909f7ad683961703060398d356"},
    {file = "django_picklefield-3.1-py3-none-any.whl", hash = "sha256:d77c504df7311e8ec14e8b779f10ca6fec74de6c7f8e2c136e1ef60cf955125d"},
]
django-stubs = [
    {file = "django-stubs-1.12.0.tar.gz", hash = "sha256:ea8b35d0da49f7b2ee99a79125f1943e033431dd114726d6643cc35de619230e"},
    {file = "django_stubs-1.12.0-py3-none-any.whl", hash = "sha256:0dff8ec0ba3abe046450b3d8a29ce9e72629893d2c1ef679189cc2bfdb6d2f64"},
]
django-stubs-ext = [
    {file = "django-stubs-ext-0.5.0.tar.gz", hash = "sha256:9bd7418376ab00b7f88d6d56be9fece85bfa0c7c348ac621155fa4d7a91146f2"},
    {file = "django_stubs_ext-0.5.0-py3-none-any.whl", hash = "sha256:c5d8db53d29c756e7e3d0820a5a079a43bc38d8fab0e1b8bd5df2f3366c54b5a"},
]
djangorestframework = [
    {file = "djangorestframework-3.13.1-py3-none-any.whl", hash = "sha256:24c4bf58ed7e85d1fe4ba250ab2da926d263cd57d64b03e8dcef0ac683f8b1aa"},
    {file = "djangorestframework-3.13.1.tar.gz", hash = "sha256:0c33407ce23acc68eca2a6e46424b008c9c02eceb8cf18581921d0092bc1f2ee"},
]
flake8 = [
    {file = "flake8-5.0.4-py2.py3-none-any.whl", hash = "sha256:7a1cf6b73744f5806ab95e526f6f0d8c01c66d7bbe349562d22dfca20610b248"},
    {file = "flake8-5.0.4.tar.gz", hash = "sha256:6fbe320aad8d6b95cec8b8e47bc933004678dc63095be98528b7bdd2a9f510db"},
]
isort = [
    {file = "isort-5.10.1-py3-none-any.whl", hash = "sha256:6f62d78e2f89b4500b080fe3a81690850cd254227f27f75c3a0c491a1f351ba7"},
    {file = "isort-5.10.1.tar.gz", hash = "sha256:e8443a5e7a020e9d7f97f1d7d9cd17c88bcb3bc7e218bf9cf5095fe550be2951"},
]
markdown = [
    {file = "Markdown-3.4.1-py3-none-any.whl", hash = "sha256:08fb8465cffd03d10b9dd34a5c3fea908e20391a2a90b88d66362cb05beed186"},
    {file = "Markdown-3.4.1.tar.gz", hash = "sha256:3b809086bb6efad416156e00a0da66fe47618a5d6918dd688f53f40c8e4cfeff"},
]
mccabe = [
    {file = "mccabe-0.7.0-py2.py3-none-any.whl", hash = "sha256:6c2d30ab6be0e4a46919781807b4f0d834ebdd6c6e3dca0bda5a15f863427b6e"},
    {file = "mccabe-0.7.0.tar.gz", hash = "sha256:348e0240c33b60bbdf4e523192ef919f28cb2c3d7d5c7794f74009290f236325"},
]
mypy = [
    {file = "mypy-0.971-cp310-cp310-macosx_10_9_universal2.whl", hash = "sha256:f2899a3cbd394da157194f913a931edfd4be5f274a88041c9dc2d9cdcb1c315c"},
    {file = "mypy-0.971-cp310-cp310-macosx_10_9_x86_64.whl", hash = "sha256:98e02d56ebe93981c41211c05adb630d1d26c14195d04d95e49cd97dbc046dc5"},
    {file = "mypy-0.971-cp310-cp310-macosx_11_0_arm64.whl", hash = "sha256:19830b7dba7d5356d3e26e2427a2ec91c994cd92d983142cbd025ebe81d69cf3"},
    {file = "mypy-0.971-cp310-cp310-manylinux_2_5_x86_64.manylinux1_x86_64.manylinux_2_12_x86_64.manylinux2010_x86_64.whl", hash = "sha256:02ef476f6dcb86e6f502ae39a16b93285fef97e7f1ff22932b657d1ef1f28655"},
    {file = "mypy-0.971-cp310-cp310-win_amd64.whl", hash = "sha256:25c5750ba5609a0c7550b73a33deb314ecfb559c350bb050b655505e8aed4103"},
    {file = "mypy-0.971-cp36-cp36m-macosx_10_9_x86_64.whl", hash = "sha256:d3348e7eb2eea2472db611486846742d5d52d1290576de99d59edeb7cd4a42ca"},
    {file = "mypy-0.971-cp36-cp36m-manylinux_2_5_x86_64.manylinux1_x86_64.manylinux_2_12_x86_64.manylinux2010_x86_64.whl", hash = "sha256:3fa7a477b9900be9b7dd4bab30a12759e5abe9586574ceb944bc29cddf8f0417"},
    {file = "mypy-0.971-cp36-cp36m-win_amd64.whl", hash = "sha256:2ad53cf9c3adc43cf3bea0a7d01a2f2e86db9fe7596dfecb4496a5dda63cbb09"},
    {file = "mypy-0.971-cp37-cp37m-macosx_10_9_x86_64.whl", hash = "sha256:855048b6feb6dfe09d3353466004490b1872887150c5bb5caad7838b57328cc8"},
    {file = "mypy-0.971-cp37-cp37m-manylinux_2_5_x86_64.manylinux1_x86_64.manylinux_2_12_x86_64.manylinux2010_x86_64.whl", hash = "sha256:23488a14a83bca6e54402c2e6435467a4138785df93ec85aeff64c6170077fb0"},
    {file = "mypy-0.971-cp37-cp37m-win_amd64.whl", hash = "sha256:4b21e5b1a70dfb972490035128f305c39bc4bc253f34e96a4adf9127cf943eb2"},
    {file = "mypy-0.971-cp38-cp38-macosx_10_9_universal2.whl", hash = "sha256:9796a2ba7b4b538649caa5cecd398d873f4022ed2333ffde58eaf604c4d2cb27"},
    {file = "mypy-0.971-cp38-cp38-macosx_10_9_x86_64.whl", hash = "sha256:5a361d92635ad4ada1b1b2d3630fc2f53f2127d51cf2def9db83cba32e47c856"},
    {file = "mypy-0.971-cp38-cp38-macosx_11_0_arm64.whl", hash = "sha256:b793b899f7cf563b1e7044a5c97361196b938e92f0a4343a5d27966a53d2ec71"},
    {file = "mypy-0.971-cp38-cp38-manylinux_2_5_x86_64.manylinux1_x86_64.manylinux_2_12_x86_64.manylinux2010_x86_64.whl", hash = "sha256:d1ea5d12c8e2d266b5fb8c7a5d2e9c0219fedfeb493b7ed60cd350322384ac27"},
    {file = "mypy-0.971-cp38-cp38-win_amd64.whl", hash = "sha256:23c7ff43fff4b0df93a186581885c8512bc50fc4d4910e0f838e35d6bb6b5e58"},
    {file = "mypy-0.971-cp39-cp39-macosx_10_9_universal2.whl", hash = "sha256:1f7656b69974a6933e987ee8ffb951d836272d6c0f81d727f1d0e2696074d9e6"},
    {file = "mypy-0.971-cp39-cp39-macosx_10_9_x86_64.whl", hash = "sha256:d2022bfadb7a5c2ef410d6a7c9763188afdb7f3533f22a0a32be10d571ee4bbe"},
    {file = "mypy-0.971-cp39-cp39-macosx_11_0_arm64.whl", hash = "sha256:ef943c72a786b0f8d90fd76e9b39ce81fb7171172daf84bf43eaf937e9f220a9"},
    {file = "mypy-0.971-cp39-cp39-manylinux_2_5_x86_64.manylinux1_x86_64.manylinux_2_12_x86_64.manylinux2010_x86_64.whl", hash = "sha256:d744f72eb39f69312bc6c2abf8ff6656973120e2eb3f3ec4f758ed47e414a4bf"},
    {file = "mypy-0.971-cp39-cp39-win_amd64.whl", hash = "sha256:77a514ea15d3007d33a9e2157b0ba9c267496acf12a7f2b9b9f8446337aac5b0"},
    {file = "mypy-0.971-py3-none-any.whl", hash = "sha256:0d054ef16b071149917085f51f89555a576e2618d5d9dd70bd6eea6410af3ac9"},
    {file = "mypy-0.971.tar.gz", hash = "sha256:40b0f21484238269ae6a57200c807d80debc6459d444c0489a102d7c6a75fa56"},
]
mypy-extensions = [
    {file = "mypy_extensions-0.4.3-py2.py3-none-any.whl", hash = "sha256:090fedd75945a69ae91ce1303b5824f428daf5a028d2f6ab8a299250a846f15d"},
    {file = "mypy_extensions-0.4.3.tar.gz", hash = "sha256:2d82818f5bb3e369420cb3c4060a7970edba416647068eb4c5343488a6c604a8"},
]
pycodestyle = [
    {file = "pycodestyle-2.9.1-py2.py3-none-any.whl", hash = "sha256:d1735fc58b418fd7c5f658d28d943854f8a849b01a5d0a1e6f3f3fdd0166804b"},
    {file = "pycodestyle-2.9.1.tar.gz", hash = "sha256:2c9607871d58c76354b697b42f5d57e1ada7d261c261efac224b664affdc5785"},
]
pyflakes = [
    {file = "pyflakes-2.5.0-py2.py3-none-any.whl", hash = "sha256:4579f67d887f804e67edb544428f264b7b24f435b263c4614f384135cea553d2"},
    {file = "pyflakes-2.5.0.tar.gz", hash = "sha256:491feb020dca48ccc562a8c0cbe8df07ee13078df59813b83959cbdada312ea3"},
]
pytz = [
    {file = "pytz-2022.2.1-py2.py3-none-any.whl", hash = "sha256:220f481bdafa09c3955dfbdddb7b57780e9a94f5127e35456a48589b9e0c0197"},
    {file = "pytz-2022.2.1.tar.gz", hash = "sha256:cea221417204f2d1a2aa03ddae3e867921971d0d76f14d87abb4414415bbdcf5"},
]
sqlparse = [
    {file = "sqlparse-0.4.2-py3-none-any.whl", hash = "sha256:48719e356bb8b42991bdbb1e8b83223757b93789c00910a616a071910ca4a64d"},
    {file = "sqlparse-0.4.2.tar.gz", hash = "sha256:0c00730c74263a94e5a9919ade150dfc3b19c574389985446148402998287dae"},
]
tomli = [
    {file = "tomli-2.0.1-py3-none-any.whl", hash = "sha256:939de3e7a6161af0c887ef91b7d41a53e7c5a1ca976325f429cb46ea9bc30ecc"},
    {file = "tomli-2.0.1.tar.gz", hash = "sha256:de526c12914f0c550d15924c62d72abc48d6fe7364aa87328337a31007fe8a4f"},
]
types-pytz = [
    {file = "types-pytz-2022.2.1.0.tar.gz", hash = "sha256:47cfb19c52b9f75896440541db392fd312a35b279c6307a531db71152ea63e2b"},
    {file = "types_pytz-2022.2.1.0-py3-none-any.whl", hash = "sha256:50ead2254b524a3d4153bc65d00289b66898060d2938e586170dce918dbaf3b3"},
]
types-pyyaml = [
    {file = "types-PyYAML-6.0.11.tar.gz", hash = "sha256:7f7da2fd11e9bc1e5e9eb3ea1be84f4849747017a59fc2eee0ea34ed1147c2e0"},
    {file = "types_PyYAML-6.0.11-py3-none-any.whl", hash = "sha256:8f890028123607379c63550179ddaec4517dc751f4c527a52bb61934bf495989"},
]
typing-extensions = [
    {file = "typing_extensions-4.3.0-py3-none-any.whl", hash = "sha256:25642c956049920a5aa49edcdd6ab1e06d7e5d467fc00e0506c44ac86fbfca02"},
    {file = "typing_extensions-4.3.0.tar.gz", hash = "sha256:e6d2677a32f47fc7eb2795db1dd15c1f34eff616bcaf2cfb5e997f854fa1c4a6"},
]
tzdata = [
    {file = "tzdata-2022.2-py2.py3-none-any.whl", hash = "sha256:c3119520447d68ef3eb8187a55a4f44fa455f30eb1b4238fa5691ba094f2b05b"},
    {file = "tzdata-2022.2.tar.gz", hash = "sha256:21f4f0d7241572efa7f7a4fdabb052e61b55dc48274e6842697ccdf5253e5451"},
]
